
Microsoft Visual Studio Solution File, Format Version 12.00
# Visual Studio Version 16
VisualStudioVersion = 16.0.29926.136
MinimumVisualStudioVersion = 10.0.40219.1
Project("{FAE04EC0-301F-11D3-BF4B-00C04F79EFBC}") = "ChatRoom", "ChatRoom.csproj", "{1F7112FB-09E8-4EA5-8133-8CA00A1BE8E1}"
EndProject
Global
	GlobalSection(SolutionConfigurationPlatforms) = preSolution
		Debug|Any CPU = Debug|Any CPU
		Release|Any CPU = Release|Any CPU
	EndGlobalSection
	GlobalSection(ProjectConfigurationPlatforms) = postSolution
		{1F7112FB-09E8-4EA5-8133-8CA00A1BE8E1}.Debug|Any CPU.ActiveCfg = Debug|Any CPU
		{1F7112FB-09E8-4EA5-8133-8CA00A1BE8E1}.Debug|Any CPU.Build.0 = Debug|Any CPU
		{1F7112FB-09E8-4EA5-8133-8CA00A1BE8E1}.Release|Any CPU.ActiveCfg = Release|Any CPU
		{1F7112FB-09E8-4EA5-8133-8CA00A1BE8E1}.Release|Any CPU.Build.0 = Release|Any CPU
	EndGlobalSection
	GlobalSection(SolutionProperties) = preSolution
		HideSolutionNode = FALSE
	EndGlobalSection
	GlobalSection(ExtensibilityGlobals) = postSolution
		SolutionGuid = {FCB073B1-FBA3-47A5-B3C4-229DB1028AE6}
	EndGlobalSection
EndGlobal
